
Microsoft Visual Studio Solution File, Format Version 12.00
# Visual Studio Version 17
VisualStudioVersion = 17.5.002.0
MinimumVisualStudioVersion = 10.0.40219.1
Project("{9A19103F-16F7-4668-BE54-9A1E7A4F7556}") = "Task_1-4", "Task_1-4.csproj", "{B22A5207-A475-424F-964F-DEFFBFF4E826}"
EndProject
Global
	GlobalSection(SolutionConfigurationPlatforms) = preSolution
		Debug|Any CPU = Debug|Any CPU
		Release|Any CPU = Release|Any CPU
	EndGlobalSection
	GlobalSection(ProjectConfigurationPlatforms) = postSolution
		{B22A5207-A475-424F-964F-DEFFBFF4E826}.Debug|Any CPU.ActiveCfg = Debug|Any CPU
		{B22A5207-A475-424F-964F-DEFFBFF4E826}.Debug|Any CPU.Build.0 = Debug|Any CPU
		{B22A5207-A475-424F-964F-DEFFBFF4E826}.Release|Any CPU.ActiveCfg = Release|Any CPU
		{B22A5207-A475-424F-964F-DEFFBFF4E826}.Release|Any CPU.Build.0 = Release|Any CPU
	EndGlobalSection
	GlobalSection(SolutionProperties) = preSolution
		HideSolutionNode = FALSE
	EndGlobalSection
	GlobalSection(ExtensibilityGlobals) = postSolution
		SolutionGuid = {D1EA3525-0DF4-45D7-9C02-5CB11B556BE6}
	EndGlobalSection
EndGlobal
